
Microsoft Visual Studio Solution File, Format Version 12.00
# Visual Studio 15
VisualStudioVersion = 15.0.28302.56
MinimumVisualStudioVersion = 10.0.40219.1
Project("{FAE04EC0-301F-11D3-BF4B-00C04F79EFBC}") = "PaginaMuebles", "PaginaMuebles\PaginaMuebles.csproj", "{156FCB4D-5451-4C66-AA59-AA5A98B69855}"
EndProject
Global
	GlobalSection(SolutionConfigurationPlatforms) = preSolution
		Debug|Any CPU = Debug|Any CPU
		Release|Any CPU = Release|Any CPU
	EndGlobalSection
	GlobalSection(ProjectConfigurationPlatforms) = postSolution
		{156FCB4D-5451-4C66-AA59-AA5A98B69855}.Debug|Any CPU.ActiveCfg = Debug|Any CPU
		{156FCB4D-5451-4C66-AA59-AA5A98B69855}.Debug|Any CPU.Build.0 = Debug|Any CPU
		{156FCB4D-5451-4C66-AA59-AA5A98B69855}.Release|Any CPU.ActiveCfg = Release|Any CPU
		{156FCB4D-5451-4C66-AA59-AA5A98B69855}.Release|Any CPU.Build.0 = Release|Any CPU
	EndGlobalSection
	GlobalSection(SolutionProperties) = preSolution
		HideSolutionNode = FALSE
	EndGlobalSection
	GlobalSection(ExtensibilityGlobals) = postSolution
		SolutionGuid = {E4292F58-14FA-46DF-8B22-90CD7D619AA8}
	EndGlobalSection
EndGlobal
